PODS:
  - Alamofire (4.6.0)
  - Kingfisher (4.6.1)
  - SnapKit (4.0.0)
  - SwiftLint (0.24.2)

DEPENDENCIES:
  - Alamofire
  - Kingfisher (~> 4.0)
  - SnapKit (~> 4.0.0)
  - SwiftLint

SPEC REPOS:
  https://github.com/CocoaPods/Specs.git:
    - Alamofire
    - Kingfisher
    - SnapKit
    - SwiftLint

SPEC CHECKSUMS:
  Alamofire: f41a599bd63041760b26d393ec1069d9d7b917f4
  Kingfisher: 1f9157d9c02b380cbd0b7cc890161195164eb634
  SnapKit: a42d492c16e80209130a3379f73596c3454b7694
  SwiftLint: 2aa21b96c8d13396a051bc1cb659d2ce1e0075b0

PODFILE CHECKSUM: a5f653ee2d625b4bb664c699150dd5d1cc2abf3b

COCOAPODS: 1.5.0
